
Microsoft Visual Studio Solution File, Format Version 12.00
# Visual Studio Version 17
VisualStudioVersion = 17.2.32505.173
MinimumVisualStudioVersion = 10.0.40219.1
Project("{FAE04EC0-301F-11D3-BF4B-00C04F79EFBC}") = "Methods_Exercise_02", "Methods_Exercise_02\Methods_Exercise_02.csproj", "{CF31608D-1DC6-4157-850F-1E6C2C603CD6}"
EndProject
Global
	GlobalSection(SolutionConfigurationPlatforms) = preSolution
		Debug|Any CPU = Debug|Any CPU
		Release|Any CPU = Release|Any CPU
	EndGlobalSection
	GlobalSection(ProjectConfigurationPlatforms) = postSolution
		{CF31608D-1DC6-4157-850F-1E6C2C603CD6}.Debug|Any CPU.ActiveCfg = Debug|Any CPU
		{CF31608D-1DC6-4157-850F-1E6C2C603CD6}.Debug|Any CPU.Build.0 = Debug|Any CPU
		{CF31608D-1DC6-4157-850F-1E6C2C603CD6}.Release|Any CPU.ActiveCfg = Release|Any CPU
		{CF31608D-1DC6-4157-850F-1E6C2C603CD6}.Release|Any CPU.Build.0 = Release|Any CPU
	EndGlobalSection
	GlobalSection(SolutionProperties) = preSolution
		HideSolutionNode = FALSE
	EndGlobalSection
	GlobalSection(ExtensibilityGlobals) = postSolution
		SolutionGuid = {1F974AEC-CEBF-47FB-B5C4-F26AB2A5DCCB}
	EndGlobalSection
EndGlobal
